
Microsoft Visual Studio Solution File, Format Version 12.00
Project("{FAE04EC0-301F-11D3-BF4B-00C04F79EFBC}") = "UnityEditorPlugin", "UnityEditorPlugin\UnityEditorPlugin.csproj", "{538510D5-E94E-4073-A7BD-56BF0F8D6809}"
EndProject
Global
	GlobalSection(SolutionConfigurationPlatforms) = preSolution
		Debug|Any CPU = Debug|Any CPU
		Release|Any CPU = Release|Any CPU
	EndGlobalSection
	GlobalSection(ProjectConfigurationPlatforms) = postSolution
		{538510D5-E94E-4073-A7BD-56BF0F8D6809}.Debug|Any CPU.ActiveCfg = Debug|Any CPU
		{538510D5-E94E-4073-A7BD-56BF0F8D6809}.Debug|Any CPU.Build.0 = Debug|Any CPU
		{538510D5-E94E-4073-A7BD-56BF0F8D6809}.Debug|Any CPU.Deploy.0 = Debug|Any CPU
	EndGlobalSection
EndGlobal
